// !$*UTF8*$!
{
	archiveVersion = 1;
	classes = {
	};
	objectVersion = 46;
	objects = {

/* Begin PBXBuildFile section */
		D5FD19771E09D4F500D394E6 /* AppDelegate.swift in Sources */ = {isa = PBXBuildFile; fileRef = D5FD19761E09D4F500D394E6 /* AppDelegate.swift */; };
		D5FD19791E09D4F500D394E6 /* MainVC.swift in Sources */ = {isa = PBXBuildFile; fileRef = D5FD19781E09D4F500D394E6 /* MainVC.swift */; };
		D5FD197C1E09D4F500D394E6 /* Main.storyboard in Resources */ = {isa = PBXBuildFile; fileRef = D5FD197A1E09D4F500D394E6 /* Main.storyboard */; };
		D5FD197F1E09D4F500D394E6 /* DreamLister.xcdatamodeld in Sources */ = {isa = PBXBuildFile; fileRef = D5FD197D1E09D4F500D394E6 /* DreamLister.xcdatamodeld */; };
		D5FD19811E09D4F500D394E6 /* Assets.xcassets in Resources */ = {isa = PBXBuildFile; fileRef = D5FD19801E09D4F500D394E6 /* Assets.xcassets */; };
		D5FD19841E09D4F600D394E6 /* LaunchScreen.storyboard in Resources */ = {isa = PBXBuildFile; fileRef = D5FD19821E09D4F600D394E6 /* LaunchScreen.storyboard */; };
		D5FD19D71E0A0EB100D394E6 /* Image+CoreDataClass.swift in Sources */ = {isa = PBXBuildFile; fileRef = D5FD19CF1E0A0EB100D394E6 /* Image+CoreDataClass.swift */; };
		D5FD19D81E0A0EB100D394E6 /* Image+CoreDataProperties.swift in Sources */ = {isa = PBXBuildFile; fileRef = D5FD19D01E0A0EB100D394E6 /* Image+CoreDataProperties.swift */; };
		D5FD19D91E0A0EB100D394E6 /* Item+CoreDataClass.swift in Sources */ = {isa = PBXBuildFile; fileRef = D5FD19D11E0A0EB100D394E6 /* Item+CoreDataClass.swift */; };
		D5FD19DA1E0A0EB100D394E6 /* Item+CoreDataProperties.swift in Sources */ = {isa = PBXBuildFile; fileRef = D5FD19D21E0A0EB100D394E6 /* Item+CoreDataProperties.swift */; };
		D5FD19DB1E0A0EB100D394E6 /* ItemType+CoreDataClass.swift in Sources */ = {isa = PBXBuildFile; fileRef = D5FD19D31E0A0EB100D394E6 /* ItemType+CoreDataClass.swift */; };
		D5FD19DC1E0A0EB100D394E6 /* ItemType+CoreDataProperties.swift in Sources */ = {isa = PBXBuildFile; fileRef = D5FD19D41E0A0EB100D394E6 /* ItemType+CoreDataProperties.swift */; };
		D5FD19DD1E0A0EB100D394E6 /* Store+CoreDataClass.swift in Sources */ = {isa = PBXBuildFile; fileRef = D5FD19D51E0A0EB100D394E6 /* Store+CoreDataClass.swift */; };
		D5FD19DE1E0A0EB100D394E6 /* Store+CoreDataProperties.swift in Sources */ = {isa = PBXBuildFile; fileRef = D5FD19D61E0A0EB100D394E6 /* Store+CoreDataProperties.swift */; };
		D5FFA2061E0A283D00D6A251 /* MaterialView.swift in Sources */ = {isa = PBXBuildFile; fileRef = D5FFA2051E0A283D00D6A251 /* MaterialView.swift */; };
		D5FFA2081E0AEDCC00D6A251 /* ItemCell.swift in Sources */ = {isa = PBXBuildFile; fileRef = D5FFA2071E0AEDCC00D6A251 /* ItemCell.swift */; };
		D5FFA20A1E10611E00D6A251 /* ItemDetailsVC.swift in Sources */ = {isa = PBXBuildFile; fileRef = D5FFA2091E10611E00D6A251 /* ItemDetailsVC.swift */; };
/* End PBXBuildFile section */

/* Begin PBXFileReference section */
		D5FD19731E09D4F500D394E6 /* DreamLister.app */ = {isa = PBXFileReference; explicitFileType = wrapper.application; includeInIndex = 0; path = DreamLister.app; sourceTree = BUILT_PRODUCTS_DIR; };
		D5FD19761E09D4F500D394E6 /* AppDelegate.swift */ = {isa = PBXFileReference; lastKnownFileType = sourcecode.swift; path = AppDelegate.swift; sourceTree = "<group>"; };
		D5FD19781E09D4F500D394E6 /* MainVC.swift */ = {isa = PBXFileReference; lastKnownFileType = sourcecode.swift; path = MainVC.swift; sourceTree = "<group>"; };
		D5FD197B1E09D4F500D394E6 /* Base */ = {isa = PBXFileReference; lastKnownFileType = file.storyboard; name = Base; path = Base.lproj/Main.storyboard; sourceTree = "<group>"; };
		D5FD197E1E09D4F500D394E6 /* DreamLister.xcdatamodel */ = {isa = PBXFileReference; lastKnownFileType = wrapper.xcdatamodel; path = DreamLister.xcdatamodel; sourceTree = "<group>"; };
		D5FD19801E09D4F500D394E6 /* Assets.xcassets */ = {isa = PBXFileReference; lastKnownFileType = folder.assetcatalog; path = Assets.xcassets; sourceTree = "<group>"; };
		D5FD19831E09D4F600D394E6 /* Base */ = {isa = PBXFileReference; lastKnownFileType = file.storyboard; name = Base; path = Base.lproj/LaunchScreen.storyboard; sourceTree = "<group>"; };
		D5FD19851E09D4F600D394E6 /* Info.plist */ = {isa = PBXFileReference; lastKnownFileType = text.plist.xml; path = Info.plist; sourceTree = "<group>"; };
		D5FD19CF1E0A0EB100D394E6 /* Image+CoreDataClass.swift */ = {isa = PBXFileReference; fileEncoding = 4; lastKnownFileType = sourcecode.swift; path = "Image+CoreDataClass.swift"; sourceTree = "<group>"; };
		D5FD19D01E0A0EB100D394E6 /* Image+CoreDataProperties.swift */ = {isa = PBXFileReference; fileEncoding = 4; lastKnownFileType = sourcecode.swift; path = "Image+CoreDataProperties.swift"; sourceTree = "<group>"; };
		D5FD19D11E0A0EB100D394E6 /* Item+CoreDataClass.swift */ = {isa = PBXFileReference; fileEncoding = 4; lastKnownFileType = sourcecode.swift; path = "Item+CoreDataClass.swift"; sourceTree = "<group>"; };
		D5FD19D21E0A0EB100D394E6 /* Item+CoreDataProperties.swift */ = {isa = PBXFileReference; fileEncoding = 4; lastKnownFileType = sourcecode.swift; path = "Item+CoreDataProperties.swift"; sourceTree = "<group>"; };
		D5FD19D31E0A0EB100D394E6 /* ItemType+CoreDataClass.swift */ = {isa = PBXFileReference; fileEncoding = 4; lastKnownFileType = sourcecode.swift; path = "ItemType+CoreDataClass.swift"; sourceTree = "<group>"; };
		D5FD19D41E0A0EB100D394E6 /* ItemType+CoreDataProperties.swift */ = {isa = PBXFileReference; fileEncoding = 4; lastKnownFileType = sourcecode.swift; path = "ItemType+CoreDataProperties.swift"; sourceTree = "<group>"; };
		D5FD19D51E0A0EB100D394E6 /* Store+CoreDataClass.swift */ = {isa = PBXFileReference; fileEncoding = 4; lastKnownFileType = sourcecode.swift; path = "Store+CoreDataClass.swift"; sourceTree = "<group>"; };
		D5FD19D61E0A0EB100D394E6 /* Store+CoreDataProperties.swift */ = {isa = PBXFileReference; fileEncoding = 4; lastKnownFileType = sourcecode.swift; path = "Store+CoreDataProperties.swift"; sourceTree = "<group>"; };
		D5FFA2051E0A283D00D6A251 /* MaterialView.swift */ = {isa = PBXFileReference; fileEncoding = 4; lastKnownFileType = sourcecode.swift; path = MaterialView.swift; sourceTree = "<group>"; };
		D5FFA2071E0AEDCC00D6A251 /* ItemCell.swift */ = {isa = PBXFileReference; fileEncoding = 4; lastKnownFileType = sourcecode.swift; path = ItemCell.swift; sourceTree = "<group>"; };
		D5FFA2091E10611E00D6A251 /* ItemDetailsVC.swift */ = {isa = PBXFileReference; fileEncoding = 4; lastKnownFileType = sourcecode.swift; path = ItemDetailsVC.swift; sourceTree = "<group>"; };
/* End PBXFileReference section */

/* Begin PBXFrameworksBuildPhase section */
		D5FD19701E09D4F500D394E6 /* Frameworks */ = {
			isa = PBXFrameworksBuildPhase;
			buildActionMask = 2147483647;
			files = (
			);
			runOnlyForDeploymentPostprocessing = 0;
		};
/* End PBXFrameworksBuildPhase section */

/* Begin PBXGroup section */
		D5FD196A1E09D4F500D394E6 = {
			isa = PBXGroup;
			children = (
				D5FD19751E09D4F500D394E6 /* DreamLister */,
				D5FD19741E09D4F500D394E6 /* Products */,
			);
			sourceTree = "<group>";
		};
		D5FD19741E09D4F500D394E6 /* Products */ = {
			isa = PBXGroup;
			children = (
				D5FD19731E09D4F500D394E6 /* DreamLister.app */,
			);
			name = Products;
			sourceTree = "<group>";
		};
		D5FD19751E09D4F500D394E6 /* DreamLister */ = {
			isa = PBXGroup;
			children = (
				D5FD199B1E09E5D400D394E6 /* Model */,
				D5FD199E1E09E90300D394E6 /* View */,
				D5FD199D1E09E8D900D394E6 /* Controller */,
				D5FD19761E09D4F500D394E6 /* AppDelegate.swift */,
				D5FD197A1E09D4F500D394E6 /* Main.storyboard */,
				D5FD19801E09D4F500D394E6 /* Assets.xcassets */,
				D5FD19821E09D4F600D394E6 /* LaunchScreen.storyboard */,
				D5FD19851E09D4F600D394E6 /* Info.plist */,
				D5FD197D1E09D4F500D394E6 /* DreamLister.xcdatamodeld */,
			);
			path = DreamLister;
			sourceTree = "<group>";
		};
		D5FD199B1E09E5D400D394E6 /* Model */ = {
			isa = PBXGroup;
			children = (
				D5FD19CF1E0A0EB100D394E6 /* Image+CoreDataClass.swift */,
				D5FD19D11E0A0EB100D394E6 /* Item+CoreDataClass.swift */,
				D5FD19D31E0A0EB100D394E6 /* ItemType+CoreDataClass.swift */,
				D5FD19D51E0A0EB100D394E6 /* Store+CoreDataClass.swift */,
				D5FD199C1E09E5DB00D394E6 /* Generated */,
			);
			name = Model;
			sourceTree = "<group>";
		};
		D5FD199C1E09E5DB00D394E6 /* Generated */ = {
			isa = PBXGroup;
			children = (
				D5FD19D01E0A0EB100D394E6 /* Image+CoreDataProperties.swift */,
				D5FD19D21E0A0EB100D394E6 /* Item+CoreDataProperties.swift */,
				D5FD19D41E0A0EB100D394E6 /* ItemType+CoreDataProperties.swift */,
				D5FD19D61E0A0EB100D394E6 /* Store+CoreDataProperties.swift */,
			);
			name = Generated;
			sourceTree = "<group>";
		};
		D5FD199D1E09E8D900D394E6 /* Controller */ = {
			isa = PBXGroup;
			children = (
				D5FD19781E09D4F500D394E6 /* MainVC.swift */,
				D5FFA2091E10611E00D6A251 /* ItemDetailsVC.swift */,
			);
			name = Controller;
			sourceTree = "<group>";
		};
		D5FD199E1E09E90300D394E6 /* View */ = {
			isa = PBXGroup;
			children = (
				D5FFA2051E0A283D00D6A251 /* MaterialView.swift */,
				D5FFA2071E0AEDCC00D6A251 /* ItemCell.swift */,
			);
			name = View;
			sourceTree = "<group>";
		};
/* End PBXGroup section */

/* Begin PBXNativeTarget section */
		D5FD19721E09D4F500D394E6 /* DreamLister */ = {
			isa = PBXNativeTarget;
			buildConfigurationList = D5FD19881E09D4F600D394E6 /* Build configuration list for PBXNativeTarget "DreamLister" */;
			buildPhases = (
				D5FD196F1E09D4F500D394E6 /* Sources */,
				D5FD19701E09D4F500D394E6 /* Frameworks */,
				D5FD19711E09D4F500D394E6 /* Resources */,
			);
			buildRules = (
			);
			dependencies = (
			);
			name = DreamLister;
			productName = DreamLister;
			productReference = D5FD19731E09D4F500D394E6 /* DreamLister.app */;
			productType = "com.apple.product-type.application";
		};
/* End PBXNativeTarget section */

/* Begin PBXProject section */
		D5FD196B1E09D4F500D394E6 /* Project object */ = {
			isa = PBXProject;
			attributes = {
				LastSwiftUpdateCheck = 0810;
				LastUpgradeCheck = 0810;
				ORGANIZATIONNAME = Italyte;
				TargetAttributes = {
					D5FD19721E09D4F500D394E6 = {
						CreatedOnToolsVersion = 8.1;
						ProvisioningStyle = Automatic;
					};
				};
			};
			buildConfigurationList = D5FD196E1E09D4F500D394E6 /* Build configuration list for PBXProject "DreamLister" */;
			compatibilityVersion = "Xcode 3.2";
			developmentRegion = English;
			hasScannedForEncodings = 0;
			knownRegions = (
				en,
				Base,
			);
			mainGroup = D5FD196A1E09D4F500D394E6;
			productRefGroup = D5FD19741E09D4F500D394E6 /* Products */;
			projectDirPath = "";
			projectRoot = "";
			targets = (
				D5FD19721E09D4F500D394E6 /* DreamLister */,
			);
		};
/* End PBXProject section */

/* Begin PBXResourcesBuildPhase section */
		D5FD19711E09D4F500D394E6 /* Resources */ = {
			isa = PBXResourcesBuildPhase;
			buildActionMask = 2147483647;
			files = (
				D5FD19841E09D4F600D394E6 /* LaunchScreen.storyboard in Resources */,
				D5FD19811E09D4F500D394E6 /* Assets.xcassets in Resources */,
				D5FD197C1E09D4F500D394E6 /* Main.storyboard in Resources */,
			);
			runOnlyForDeploymentPostprocessing = 0;
		};
/* End PBXResourcesBuildPhase section */

/* Begin PBXSourcesBuildPhase section */
		D5FD196F1E09D4F500D394E6 /* Sources */ = {
			isa = PBXSourcesBuildPhase;
			buildActionMask = 2147483647;
			files = (
				D5FFA2081E0AEDCC00D6A251 /* ItemCell.swift in Sources */,
				D5FD19DA1E0A0EB100D394E6 /* Item+CoreDataProperties.swift in Sources */,
				D5FD19D91E0A0EB100D394E6 /* Item+CoreDataClass.swift in Sources */,
				D5FD19DC1E0A0EB100D394E6 /* ItemType+CoreDataProperties.swift in Sources */,
				D5FFA2061E0A283D00D6A251 /* MaterialView.swift in Sources */,
				D5FD19791E09D4F500D394E6 /* MainVC.swift in Sources */,
				D5FD19DE1E0A0EB100D394E6 /* Store+CoreDataProperties.swift in Sources */,
				D5FD19D81E0A0EB100D394E6 /* Image+CoreDataProperties.swift in Sources */,
				D5FFA20A1E10611E00D6A251 /* ItemDetailsVC.swift in Sources */,
				D5FD19DB1E0A0EB100D394E6 /* ItemType+CoreDataClass.swift in Sources */,
				D5FD19771E09D4F500D394E6 /* AppDelegate.swift in Sources */,
				D5FD19DD1E0A0EB100D394E6 /* Store+CoreDataClass.swift in Sources */,
				D5FD197F1E09D4F500D394E6 /* DreamLister.xcdatamodeld in Sources */,
				D5FD19D71E0A0EB100D394E6 /* Image+CoreDataClass.swift in Sources */,
			);
			runOnlyForDeploymentPostprocessing = 0;
		};
/* End PBXSourcesBuildPhase section */

/* Begin PBXVariantGroup section */
		D5FD197A1E09D4F500D394E6 /* Main.storyboard */ = {
			isa = PBXVariantGroup;
			children = (
				D5FD197B1E09D4F500D394E6 /* Base */,
			);
			name = Main.storyboard;
			sourceTree = "<group>";
		};
		D5FD19821E09D4F600D394E6 /* LaunchScreen.storyboard */ = {
			isa = PBXVariantGroup;
			children = (
				D5FD19831E09D4F600D394E6 /* Base */,
			);
			name = LaunchScreen.storyboard;
			sourceTree = "<group>";
		};
/* End PBXVariantGroup section */

/* Begin XCBuildConfiguration section */
		D5FD19861E09D4F600D394E6 /* Debug */ = {
			isa = XCBuildConfiguration;
			buildSettings = {
				ALWAYS_SEARCH_USER_PATHS = NO;
				CLANG_ANALYZER_NONNULL = YES;
				CLANG_CXX_LANGUAGE_STANDARD = "gnu++0x";
				CLANG_CXX_LIBRARY = "libc++";
				CLANG_ENABLE_MODULES = YES;
				CLANG_ENABLE_OBJC_ARC = YES;
				CLANG_WARN_BOOL_CONVERSION = YES;
				CLANG_WARN_CONSTANT_CONVERSION = YES;
				CLANG_WARN_DIRECT_OBJC_ISA_USAGE = YES_ERROR;
				CLANG_WARN_DOCUMENTATION_COMMENTS = YES;
				CLANG_WARN_EMPTY_BODY = YES;
				CLANG_WARN_ENUM_CONVERSION = YES;
				CLANG_WARN_INFINITE_RECURSION = YES;
				CLANG_WARN_INT_CONVERSION = YES;
				CLANG_WARN_OBJC_ROOT_CLASS = YES_ERROR;
				CLANG_WARN_SUSPICIOUS_MOVES = YES;
				CLANG_WARN_UNREACHABLE_CODE = YES;
				CLANG_WARN__DUPLICATE_METHOD_MATCH = YES;
				"CODE_SIGN_IDENTITY[sdk=iphoneos*]" = "iPhone Developer";
				COPY_PHASE_STRIP = NO;
				DEBUG_INFORMATION_FORMAT = dwarf;
				ENABLE_STRICT_OBJC_MSGSEND = YES;
				ENABLE_TESTABILITY = YES;
				GCC_C_LANGUAGE_STANDARD = gnu99;
				GCC_DYNAMIC_NO_PIC = NO;
				GCC_NO_COMMON_BLOCKS = YES;
				GCC_OPTIMIZATION_LEVEL = 0;
				GCC_PREPROCESSOR_DEFINITIONS = (
					"DEBUG=1",
					"$(inherited)",
				);
				GCC_WARN_64_TO_32_BIT_CONVERSION = YES;
				GCC_WARN_ABOUT_RETURN_TYPE = YES_ERROR;
				GCC_WARN_UNDECLARED_SELECTOR = YES;
				GCC_WARN_UNINITIALIZED_AUTOS = YES_AGGRESSIVE;
				GCC_WARN_UNUSED_FUNCTION = YES;
				GCC_WARN_UNUSED_VARIABLE = YES;
				IPHONEOS_DEPLOYMENT_TARGET = 10.1;
				MTL_ENABLE_DEBUG_INFO = YES;
				ONLY_ACTIVE_ARCH = YES;
				SDKROOT = iphoneos;
				SWIFT_ACTIVE_COMPILATION_CONDITIONS = DEBUG;
				SWIFT_OPTIMIZATION_LEVEL = "-Onone";
				TARGETED_DEVICE_FAMILY = "1,2";
			};
			name = Debug;
		};
		D5FD19871E09D4F600D394E6 /* Release */ = {
			isa = XCBuildConfiguration;
			buildSettings = {
				ALWAYS_SEARCH_USER_PATHS = NO;
				CLANG_ANALYZER_NONNULL = YES;
				CLANG_CXX_LANGUAGE_STANDARD = "gnu++0x";
				CLANG_CXX_LIBRARY = "libc++";
				CLANG_ENABLE_MODULES = YES;
				CLANG_ENABLE_OBJC_ARC = YES;
				CLANG_WARN_BOOL_CONVERSION = YES;
				CLANG_WARN_CONSTANT_CONVERSION = YES;
				CLANG_WARN_DIRECT_OBJC_ISA_USAGE = YES_ERROR;
				CLANG_WARN_DOCUMENTATION_COMMENTS = YES;
				CLANG_WARN_EMPTY_BODY = YES;
				CLANG_WARN_ENUM_CONVERSION = YES;
				CLANG_WARN_INFINITE_RECURSION = YES;
				CLANG_WARN_INT_CONVERSION = YES;
				CLANG_WARN_OBJC_ROOT_CLASS = YES_ERROR;
				CLANG_WARN_SUSPICIOUS_MOVES = YES;
				CLANG_WARN_UNREACHABLE_CODE = YES;
				CLANG_WARN__DUPLICATE_METHOD_MATCH = YES;
				"CODE_SIGN_IDENTITY[sdk=iphoneos*]" = "iPhone Developer";
				COPY_PHASE_STRIP = NO;
				DEBUG_INFORMATION_FORMAT = "dwarf-with-dsym";
				ENABLE_NS_ASSERTIONS = NO;
				ENABLE_STRICT_OBJC_MSGSEND = YES;
				GCC_C_LANGUAGE_STANDARD = gnu99;
				GCC_NO_COMMON_BLOCKS = YES;
				GCC_WARN_64_TO_32_BIT_CONVERSION = YES;
				GCC_WARN_ABOUT_RETURN_TYPE = YES_ERROR;
				GCC_WARN_UNDECLARED_SELECTOR = YES;
				GCC_WARN_UNINITIALIZED_AUTOS = YES_AGGRESSIVE;
				GCC_WARN_UNUSED_FUNCTION = YES;
				GCC_WARN_UNUSED_VARIABLE = YES;
				IPHONEOS_DEPLOYMENT_TARGET = 10.1;
				MTL_ENABLE_DEBUG_INFO = NO;
				SDKROOT = iphoneos;
				SWIFT_OPTIMIZATION_LEVEL = "-Owholemodule";
				TARGETED_DEVICE_FAMILY = "1,2";
				VALIDATE_PRODUCT = YES;
			};
			name = Release;
		};
		D5FD19891E09D4F600D394E6 /* Debug */ = {
			isa = XCBuildConfiguration;
			buildSettings = {
				ASSETCATALOG_COMPILER_APPICON_NAME = AppIcon;
				INFOPLIST_FILE = DreamLister/Info.plist;
				LD_RUNPATH_SEARCH_PATHS = "$(inherited) @executable_path/Frameworks";
				PRODUCT_BUNDLE_IDENTIFIER = com.Italyte.DreamLister;
				PRODUCT_NAME = "$(TARGET_NAME)";
				SWIFT_VERSION = 3.0;
			};
			name = Debug;
		};
		D5FD198A1E09D4F600D394E6 /* Release */ = {
			isa = XCBuildConfiguration;
			buildSettings = {
				ASSETCATALOG_COMPILER_APPICON_NAME = AppIcon;
				INFOPLIST_FILE = DreamLister/Info.plist;
				LD_RUNPATH_SEARCH_PATHS = "$(inherited) @executable_path/Frameworks";
				PRODUCT_BUNDLE_IDENTIFIER = com.Italyte.DreamLister;
				PRODUCT_NAME = "$(TARGET_NAME)";
				SWIFT_VERSION = 3.0;
			};
			name = Release;
		};
/* End XCBuildConfiguration section */

/* Begin XCConfigurationList section */
		D5FD196E1E09D4F500D394E6 /* Build configuration list for PBXProject "DreamLister" */ = {
			isa = XCConfigurationList;
			buildConfigurations = (
				D5FD19861E09D4F600D394E6 /* Debug */,
				D5FD19871E09D4F600D394E6 /* Release */,
			);
			defaultConfigurationIsVisible = 0;
			defaultConfigurationName = Release;
		};
		D5FD19881E09D4F600D394E6 /* Build configuration list for PBXNativeTarget "DreamLister" */ = {
			isa = XCConfigurationList;
			buildConfigurations = (
				D5FD19891E09D4F600D394E6 /* Debug */,
				D5FD198A1E09D4F600D394E6 /* Release */,
			);
			defaultConfigurationIsVisible = 0;
			defaultConfigurationName = Release;
		};
/* End XCConfigurationList section */

/* Begin XCVersionGroup section */
		D5FD197D1E09D4F500D394E6 /* DreamLister.xcdatamodeld */ = {
			isa = XCVersionGroup;
			children = (
				D5FD197E1E09D4F500D394E6 /* DreamLister.xcdatamodel */,
			);
			currentVersion = D5FD197E1E09D4F500D394E6 /* DreamLister.xcdatamodel */;
			path = DreamLister.xcdatamodeld;
			sourceTree = "<group>";
			versionGroupType = wrapper.xcdatamodel;
		};
/* End XCVersionGroup section */
	};
	rootObject = D5FD196B1E09D4F500D394E6 /* Project object */;
}
